
Microsoft Visual Studio Solution File, Format Version 12.00
# Visual Studio 15
VisualStudioVersion = 15.0.28010.2036
MinimumVisualStudioVersion = 10.0.40219.1
Project("{FAE04EC0-301F-11D3-BF4B-00C04F79EFBC}") = "IQB.Android", "IQB\IQB.Android\IQB.Android.csproj", "{1DAEF05C-ACE6-42EC-B67B-71A3135FB922}"
EndProject
Project("{FAE04EC0-301F-11D3-BF4B-00C04F79EFBC}") = "IQB.iOS", "IQB\IQB.iOS\IQB.iOS.csproj", "{8C693E07-4ED7-4456-9DCA-B65F9F53F214}"
EndProject
Project("{9A19103F-16F7-4668-BE54-9A1E7A4F7556}") = "IQB", "IQB\IQB\IQB.csproj", "{FEE651D8-F98C-4310-9748-C12E92FE7010}"
EndProject
Global
	GlobalSection(SolutionConfigurationPlatforms) = preSolution
		Ad-Hoc|Any CPU = Ad-Hoc|Any CPU
		Ad-Hoc|iPhone = Ad-Hoc|iPhone
		Ad-Hoc|iPhoneSimulator = Ad-Hoc|iPhoneSimulator
		AppStore|Any CPU = AppStore|Any CPU
		AppStore|iPhone = AppStore|iPhone
		AppStore|iPhoneSimulator = AppStore|iPhoneSimulator
		Debug|Any CPU = Debug|Any CPU
		Debug|iPhone = Debug|iPhone
		Debug|iPhoneSimulator = Debug|iPhoneSimulator
		GORILLA|Any CPU = GORILLA|Any CPU
		GORILLA|iPhone = GORILLA|iPhone
		GORILLA|iPhoneSimulator = GORILLA|iPhoneSimulator
		Release|Any CPU = Release|Any CPU
		Release|iPhone = Release|iPhone
		Release|iPhoneSimulator = Release|iPhoneSimulator
	EndGlobalSection
	GlobalSection(ProjectConfigurationPlatforms) = postSolution
		{1DAEF05C-ACE6-42EC-B67B-71A3135FB922}.Ad-Hoc|Any CPU.ActiveCfg = Release|Any CPU
		{1DAEF05C-ACE6-42EC-B67B-71A3135FB922}.Ad-Hoc|Any CPU.Build.0 = Release|Any CPU
		{1DAEF05C-ACE6-42EC-B67B-71A3135FB922}.Ad-Hoc|Any CPU.Deploy.0 = Release|Any CPU
		{1DAEF05C-ACE6-42EC-B67B-71A3135FB922}.Ad-Hoc|iPhone.ActiveCfg = Release|Any CPU
		{1DAEF05C-ACE6-42EC-B67B-71A3135FB922}.Ad-Hoc|iPhone.Build.0 = Release|Any CPU
		{1DAEF05C-ACE6-42EC-B67B-71A3135FB922}.Ad-Hoc|iPhone.Deploy.0 = Release|Any CPU
		{1DAEF05C-ACE6-42EC-B67B-71A3135FB922}.Ad-Hoc|iPhoneSimulator.ActiveCfg = Release|Any CPU
		{1DAEF05C-ACE6-42EC-B67B-71A3135FB922}.Ad-Hoc|iPhoneSimulator.Build.0 = Release|Any CPU
		{1DAEF05C-ACE6-42EC-B67B-71A3135FB922}.Ad-Hoc|iPhoneSimulator.Deploy.0 = Release|Any CPU
		{1DAEF05C-ACE6-42EC-B67B-71A3135FB922}.AppStore|Any CPU.ActiveCfg = Release|Any CPU
		{1DAEF05C-ACE6-42EC-B67B-71A3135FB922}.AppStore|Any CPU.Build.0 = Release|Any CPU
		{1DAEF05C-ACE6-42EC-B67B-71A3135FB922}.AppStore|Any CPU.Deploy.0 = Release|Any CPU
		{1DAEF05C-ACE6-42EC-B67B-71A3135FB922}.AppStore|iPhone.ActiveCfg = Release|Any CPU
		{1DAEF05C-ACE6-42EC-B67B-71A3135FB922}.AppStore|iPhone.Build.0 = Release|Any CPU
		{1DAEF05C-ACE6-42EC-B67B-71A3135FB922}.AppStore|iPhone.Deploy.0 = Release|Any CPU
		{1DAEF05C-ACE6-42EC-B67B-71A3135FB922}.AppStore|iPhoneSimulator.ActiveCfg = Release|Any CPU
		{1DAEF05C-ACE6-42EC-B67B-71A3135FB922}.AppStore|iPhoneSimulator.Build.0 = Release|Any CPU
		{1DAEF05C-ACE6-42EC-B67B-71A3135FB922}.AppStore|iPhoneSimulator.Deploy.0 = Release|Any CPU
		{1DAEF05C-ACE6-42EC-B67B-71A3135FB922}.Debug|Any CPU.ActiveCfg = Debug|Any CPU
		{1DAEF05C-ACE6-42EC-B67B-71A3135FB922}.Debug|Any CPU.Build.0 = Debug|Any CPU
		{1DAEF05C-ACE6-42EC-B67B-71A3135FB922}.Debug|Any CPU.Deploy.0 = Debug|Any CPU
		{1DAEF05C-ACE6-42EC-B67B-71A3135FB922}.Debug|iPhone.ActiveCfg = Debug|Any CPU
		{1DAEF05C-ACE6-42EC-B67B-71A3135FB922}.Debug|iPhoneSimulator.ActiveCfg = Debug|Any CPU
		{1DAEF05C-ACE6-42EC-B67B-71A3135FB922}.GORILLA|Any CPU.ActiveCfg = GORILLA|Any CPU
		{1DAEF05C-ACE6-42EC-B67B-71A3135FB922}.GORILLA|Any CPU.Build.0 = GORILLA|Any CPU
		{1DAEF05C-ACE6-42EC-B67B-71A3135FB922}.GORILLA|Any CPU.Deploy.0 = GORILLA|Any CPU
		{1DAEF05C-ACE6-42EC-B67B-71A3135FB922}.GORILLA|iPhone.ActiveCfg = GORILLA|Any CPU
		{1DAEF05C-ACE6-42EC-B67B-71A3135FB922}.GORILLA|iPhone.Build.0 = GORILLA|Any CPU
		{1DAEF05C-ACE6-42EC-B67B-71A3135FB922}.GORILLA|iPhone.Deploy.0 = GORILLA|Any CPU
		{1DAEF05C-ACE6-42EC-B67B-71A3135FB922}.GORILLA|iPhoneSimulator.ActiveCfg = GORILLA|Any CPU
		{1DAEF05C-ACE6-42EC-B67B-71A3135FB922}.GORILLA|iPhoneSimulator.Build.0 = GORILLA|Any CPU
		{1DAEF05C-ACE6-42EC-B67B-71A3135FB922}.GORILLA|iPhoneSimulator.Deploy.0 = GORILLA|Any CPU
		{1DAEF05C-ACE6-42EC-B67B-71A3135FB922}.Release|Any CPU.ActiveCfg = Release|Any CPU
		{1DAEF05C-ACE6-42EC-B67B-71A3135FB922}.Release|Any CPU.Build.0 = Release|Any CPU
		{1DAEF05C-ACE6-42EC-B67B-71A3135FB922}.Release|Any CPU.Deploy.0 = Release|Any CPU
		{1DAEF05C-ACE6-42EC-B67B-71A3135FB922}.Release|iPhone.ActiveCfg = Release|Any CPU
		{1DAEF05C-ACE6-42EC-B67B-71A3135FB922}.Release|iPhoneSimulator.ActiveCfg = Release|Any CPU
		{1DAEF05C-ACE6-42EC-B67B-71A3135FB922}.Release|iPhoneSimulator.Build.0 = Release|Any CPU
		{1DAEF05C-ACE6-42EC-B67B-71A3135FB922}.Release|iPhoneSimulator.Deploy.0 = Release|Any CPU
		{8C693E07-4ED7-4456-9DCA-B65F9F53F214}.Ad-Hoc|Any CPU.ActiveCfg = Ad-Hoc|iPhone
		{8C693E07-4ED7-4456-9DCA-B65F9F53F214}.Ad-Hoc|Any CPU.Build.0 = Ad-Hoc|iPhone
		{8C693E07-4ED7-4456-9DCA-B65F9F53F214}.Ad-Hoc|Any CPU.Deploy.0 = Ad-Hoc|iPhone
		{8C693E07-4ED7-4456-9DCA-B65F9F53F214}.Ad-Hoc|iPhone.ActiveCfg = Ad-Hoc|iPhone
		{8C693E07-4ED7-4456-9DCA-B65F9F53F214}.Ad-Hoc|iPhone.Build.0 = Ad-Hoc|iPhone
		{8C693E07-4ED7-4456-9DCA-B65F9F53F214}.Ad-Hoc|iPhone.Deploy.0 = Ad-Hoc|iPhone
		{8C693E07-4ED7-4456-9DCA-B65F9F53F214}.Ad-Hoc|iPhoneSimulator.ActiveCfg = Ad-Hoc|iPhoneSimulator
		{8C693E07-4ED7-4456-9DCA-B65F9F53F214}.Ad-Hoc|iPhoneSimulator.Build.0 = Ad-Hoc|iPhoneSimulator
		{8C693E07-4ED7-4456-9DCA-B65F9F53F214}.Ad-Hoc|iPhoneSimulator.Deploy.0 = Ad-Hoc|iPhoneSimulator
		{8C693E07-4ED7-4456-9DCA-B65F9F53F214}.AppStore|Any CPU.ActiveCfg = AppStore|iPhone
		{8C693E07-4ED7-4456-9DCA-B65F9F53F214}.AppStore|Any CPU.Build.0 = AppStore|iPhone
		{8C693E07-4ED7-4456-9DCA-B65F9F53F214}.AppStore|Any CPU.Deploy.0 = AppStore|iPhone
		{8C693E07-4ED7-4456-9DCA-B65F9F53F214}.AppStore|iPhone.ActiveCfg = AppStore|iPhone
		{8C693E07-4ED7-4456-9DCA-B65F9F53F214}.AppStore|iPhone.Build.0 = AppStore|iPhone
		{8C693E07-4ED7-4456-9DCA-B65F9F53F214}.AppStore|iPhone.Deploy.0 = AppStore|iPhone
		{8C693E07-4ED7-4456-9DCA-B65F9F53F214}.AppStore|iPhoneSimulator.ActiveCfg = AppStore|iPhoneSimulator
		{8C693E07-4ED7-4456-9DCA-B65F9F53F214}.AppStore|iPhoneSimulator.Build.0 = AppStore|iPhoneSimulator
		{8C693E07-4ED7-4456-9DCA-B65F9F53F214}.AppStore|iPhoneSimulator.Deploy.0 = AppStore|iPhoneSimulator
		{8C693E07-4ED7-4456-9DCA-B65F9F53F214}.Debug|Any CPU.ActiveCfg = Debug|iPhoneSimulator
		{8C693E07-4ED7-4456-9DCA-B65F9F53F214}.Debug|Any CPU.Deploy.0 = Debug|iPhoneSimulator
		{8C693E07-4ED7-4456-9DCA-B65F9F53F214}.Debug|iPhone.ActiveCfg = Debug|iPhone
		{8C693E07-4ED7-4456-9DCA-B65F9F53F214}.Debug|iPhone.Build.0 = Debug|iPhone
		{8C693E07-4ED7-4456-9DCA-B65F9F53F214}.Debug|iPhone.Deploy.0 = Debug|iPhone
		{8C693E07-4ED7-4456-9DCA-B65F9F53F214}.Debug|iPhoneSimulator.ActiveCfg = Debug|iPhoneSimulator
		{8C693E07-4ED7-4456-9DCA-B65F9F53F214}.Debug|iPhoneSimulator.Build.0 = Debug|iPhoneSimulator
		{8C693E07-4ED7-4456-9DCA-B65F9F53F214}.Debug|iPhoneSimulator.Deploy.0 = Debug|iPhoneSimulator
		{8C693E07-4ED7-4456-9DCA-B65F9F53F214}.GORILLA|Any CPU.ActiveCfg = GORILLA|iPhoneSimulator
		{8C693E07-4ED7-4456-9DCA-B65F9F53F214}.GORILLA|Any CPU.Build.0 = GORILLA|iPhoneSimulator
		{8C693E07-4ED7-4456-9DCA-B65F9F53F214}.GORILLA|iPhone.ActiveCfg = GORILLA|iPhone
		{8C693E07-4ED7-4456-9DCA-B65F9F53F214}.GORILLA|iPhone.Build.0 = GORILLA|iPhone
		{8C693E07-4ED7-4456-9DCA-B65F9F53F214}.GORILLA|iPhoneSimulator.ActiveCfg = GORILLA|iPhoneSimulator
		{8C693E07-4ED7-4456-9DCA-B65F9F53F214}.GORILLA|iPhoneSimulator.Build.0 = GORILLA|iPhoneSimulator
		{8C693E07-4ED7-4456-9DCA-B65F9F53F214}.Release|Any CPU.ActiveCfg = Release|iPhone
		{8C693E07-4ED7-4456-9DCA-B65F9F53F214}.Release|Any CPU.Build.0 = Release|iPhone
		{8C693E07-4ED7-4456-9DCA-B65F9F53F214}.Release|Any CPU.Deploy.0 = Release|iPhone
		{8C693E07-4ED7-4456-9DCA-B65F9F53F214}.Release|iPhone.ActiveCfg = Release|iPhone
		{8C693E07-4ED7-4456-9DCA-B65F9F53F214}.Release|iPhone.Build.0 = Release|iPhone
		{8C693E07-4ED7-4456-9DCA-B65F9F53F214}.Release|iPhone.Deploy.0 = Release|iPhone
		{8C693E07-4ED7-4456-9DCA-B65F9F53F214}.Release|iPhoneSimulator.ActiveCfg = Release|iPhoneSimulator
		{8C693E07-4ED7-4456-9DCA-B65F9F53F214}.Release|iPhoneSimulator.Build.0 = Release|iPhoneSimulator
		{8C693E07-4ED7-4456-9DCA-B65F9F53F214}.Release|iPhoneSimulator.Deploy.0 = Release|iPhoneSimulator
		{FEE651D8-F98C-4310-9748-C12E92FE7010}.Ad-Hoc|Any CPU.ActiveCfg = Debug|Any CPU
		{FEE651D8-F98C-4310-9748-C12E92FE7010}.Ad-Hoc|Any CPU.Build.0 = Debug|Any CPU
		{FEE651D8-F98C-4310-9748-C12E92FE7010}.Ad-Hoc|Any CPU.Deploy.0 = Debug|Any CPU
		{FEE651D8-F98C-4310-9748-C12E92FE7010}.Ad-Hoc|iPhone.ActiveCfg = Debug|Any CPU
		{FEE651D8-F98C-4310-9748-C12E92FE7010}.Ad-Hoc|iPhone.Build.0 = Debug|Any CPU
		{FEE651D8-F98C-4310-9748-C12E92FE7010}.Ad-Hoc|iPhone.Deploy.0 = Debug|Any CPU
		{FEE651D8-F98C-4310-9748-C12E92FE7010}.Ad-Hoc|iPhoneSimulator.ActiveCfg = Debug|Any CPU
		{FEE651D8-F98C-4310-9748-C12E92FE7010}.Ad-Hoc|iPhoneSimulator.Build.0 = Debug|Any CPU
		{FEE651D8-F98C-4310-9748-C12E92FE7010}.Ad-Hoc|iPhoneSimulator.Deploy.0 = Debug|Any CPU
		{FEE651D8-F98C-4310-9748-C12E92FE7010}.AppStore|Any CPU.ActiveCfg = Debug|Any CPU
		{FEE651D8-F98C-4310-9748-C12E92FE7010}.AppStore|Any CPU.Build.0 = Debug|Any CPU
		{FEE651D8-F98C-4310-9748-C12E92FE7010}.AppStore|Any CPU.Deploy.0 = Debug|Any CPU
		{FEE651D8-F98C-4310-9748-C12E92FE7010}.AppStore|iPhone.ActiveCfg = Debug|Any CPU
		{FEE651D8-F98C-4310-9748-C12E92FE7010}.AppStore|iPhone.Build.0 = Debug|Any CPU
		{FEE651D8-F98C-4310-9748-C12E92FE7010}.AppStore|iPhone.Deploy.0 = Debug|Any CPU
		{FEE651D8-F98C-4310-9748-C12E92FE7010}.AppStore|iPhoneSimulator.ActiveCfg = Debug|Any CPU
		{FEE651D8-F98C-4310-9748-C12E92FE7010}.AppStore|iPhoneSimulator.Build.0 = Debug|Any CPU
		{FEE651D8-F98C-4310-9748-C12E92FE7010}.AppStore|iPhoneSimulator.Deploy.0 = Debug|Any CPU
		{FEE651D8-F98C-4310-9748-C12E92FE7010}.Debug|Any CPU.ActiveCfg = Debug|Any CPU
		{FEE651D8-F98C-4310-9748-C12E92FE7010}.Debug|Any CPU.Build.0 = Debug|Any CPU
		{FEE651D8-F98C-4310-9748-C12E92FE7010}.Debug|Any CPU.Deploy.0 = Debug|Any CPU
		{FEE651D8-F98C-4310-9748-C12E92FE7010}.Debug|iPhone.ActiveCfg = Debug|Any CPU
		{FEE651D8-F98C-4310-9748-C12E92FE7010}.Debug|iPhone.Build.0 = Debug|Any CPU
		{FEE651D8-F98C-4310-9748-C12E92FE7010}.Debug|iPhone.Deploy.0 = Debug|Any CPU
		{FEE651D8-F98C-4310-9748-C12E92FE7010}.Debug|iPhoneSimulator.ActiveCfg = Debug|Any CPU
		{FEE651D8-F98C-4310-9748-C12E92FE7010}.Debug|iPhoneSimulator.Build.0 = Debug|Any CPU
		{FEE651D8-F98C-4310-9748-C12E92FE7010}.Debug|iPhoneSimulator.Deploy.0 = Debug|Any CPU
		{FEE651D8-F98C-4310-9748-C12E92FE7010}.GORILLA|Any CPU.ActiveCfg = GORILLA|Any CPU
		{FEE651D8-F98C-4310-9748-C12E92FE7010}.GORILLA|Any CPU.Build.0 = GORILLA|Any CPU
		{FEE651D8-F98C-4310-9748-C12E92FE7010}.GORILLA|iPhone.ActiveCfg = GORILLA|Any CPU
		{FEE651D8-F98C-4310-9748-C12E92FE7010}.GORILLA|iPhone.Build.0 = GORILLA|Any CPU
		{FEE651D8-F98C-4310-9748-C12E92FE7010}.GORILLA|iPhoneSimulator.ActiveCfg = GORILLA|Any CPU
		{FEE651D8-F98C-4310-9748-C12E92FE7010}.GORILLA|iPhoneSimulator.Build.0 = GORILLA|Any CPU
		{FEE651D8-F98C-4310-9748-C12E92FE7010}.Release|Any CPU.ActiveCfg = Release|Any CPU
		{FEE651D8-F98C-4310-9748-C12E92FE7010}.Release|Any CPU.Build.0 = Release|Any CPU
		{FEE651D8-F98C-4310-9748-C12E92FE7010}.Release|Any CPU.Deploy.0 = Release|Any CPU
		{FEE651D8-F98C-4310-9748-C12E92FE7010}.Release|iPhone.ActiveCfg = Release|Any CPU
		{FEE651D8-F98C-4310-9748-C12E92FE7010}.Release|iPhone.Build.0 = Release|Any CPU
		{FEE651D8-F98C-4310-9748-C12E92FE7010}.Release|iPhone.Deploy.0 = Release|Any CPU
		{FEE651D8-F98C-4310-9748-C12E92FE7010}.Release|iPhoneSimulator.ActiveCfg = Release|Any CPU
		{FEE651D8-F98C-4310-9748-C12E92FE7010}.Release|iPhoneSimulator.Build.0 = Release|Any CPU
		{FEE651D8-F98C-4310-9748-C12E92FE7010}.Release|iPhoneSimulator.Deploy.0 = Release|Any CPU
	EndGlobalSection
	GlobalSection(SolutionProperties) = preSolution
		HideSolutionNode = FALSE
	EndGlobalSection
	GlobalSection(ExtensibilityGlobals) = postSolution
		SolutionGuid = {315B6798-6301-4FF6-9CA5-8CC55149D712}
	EndGlobalSection
EndGlobal
